
Microsoft Visual Studio Solution File, Format Version 12.00
# Visual Studio Version 17
VisualStudioVersion = 17.5.33627.172
MinimumVisualStudioVersion = 10.0.40219.1
Project("{FAE04EC0-301F-11D3-BF4B-00C04F79EFBC}") = "Collections_List", "Collections\Collections_List.csproj", "{7CCC53FB-9B7F-4A29-B53C-FC12693C90E2}"
EndProject
Project("{FAE04EC0-301F-11D3-BF4B-00C04F79EFBC}") = "Queue", "Queue\Queue.csproj", "{2F997D89-526A-448B-92A6-A509CEB9FFE9}"
EndProject
Project("{FAE04EC0-301F-11D3-BF4B-00C04F79EFBC}") = "Parametrized_method", "Parametrized_method\Parametrized_method.csproj", "{3F26093E-AD73-4D58-92A3-FFA32028F45A}"
EndProject
Project("{FAE04EC0-301F-11D3-BF4B-00C04F79EFBC}") = "LINQ_With_Array", "LINQ_With_Array\LINQ_With_Array.csproj", "{147AEC97-E21F-4755-B79F-16F383111B9A}"
EndProject
Project("{FAE04EC0-301F-11D3-BF4B-00C04F79EFBC}") = "LINQ_with_Collection", "LINQ_with_Collection\LINQ_with_Collection.csproj", "{61BE7DAD-7AC6-453F-B368-0A5DADA8AA67}"
EndProject
Global
	GlobalSection(SolutionConfigurationPlatforms) = preSolution
		Debug|Any CPU = Debug|Any CPU
		Release|Any CPU = Release|Any CPU
	EndGlobalSection
	GlobalSection(ProjectConfigurationPlatforms) = postSolution
		{7CCC53FB-9B7F-4A29-B53C-FC12693C90E2}.Debug|Any CPU.ActiveCfg = Debug|Any CPU
		{7CCC53FB-9B7F-4A29-B53C-FC12693C90E2}.Debug|Any CPU.Build.0 = Debug|Any CPU
		{7CCC53FB-9B7F-4A29-B53C-FC12693C90E2}.Release|Any CPU.ActiveCfg = Release|Any CPU
		{7CCC53FB-9B7F-4A29-B53C-FC12693C90E2}.Release|Any CPU.Build.0 = Release|Any CPU
		{2F997D89-526A-448B-92A6-A509CEB9FFE9}.Debug|Any CPU.ActiveCfg = Debug|Any CPU
		{2F997D89-526A-448B-92A6-A509CEB9FFE9}.Debug|Any CPU.Build.0 = Debug|Any CPU
		{2F997D89-526A-448B-92A6-A509CEB9FFE9}.Release|Any CPU.ActiveCfg = Release|Any CPU
		{2F997D89-526A-448B-92A6-A509CEB9FFE9}.Release|Any CPU.Build.0 = Release|Any CPU
		{3F26093E-AD73-4D58-92A3-FFA32028F45A}.Debug|Any CPU.ActiveCfg = Debug|Any CPU
		{3F26093E-AD73-4D58-92A3-FFA32028F45A}.Debug|Any CPU.Build.0 = Debug|Any CPU
		{3F26093E-AD73-4D58-92A3-FFA32028F45A}.Release|Any CPU.ActiveCfg = Release|Any CPU
		{3F26093E-AD73-4D58-92A3-FFA32028F45A}.Release|Any CPU.Build.0 = Release|Any CPU
		{147AEC97-E21F-4755-B79F-16F383111B9A}.Debug|Any CPU.ActiveCfg = Debug|Any CPU
		{147AEC97-E21F-4755-B79F-16F383111B9A}.Debug|Any CPU.Build.0 = Debug|Any CPU
		{147AEC97-E21F-4755-B79F-16F383111B9A}.Release|Any CPU.ActiveCfg = Release|Any CPU
		{147AEC97-E21F-4755-B79F-16F383111B9A}.Release|Any CPU.Build.0 = Release|Any CPU
		{61BE7DAD-7AC6-453F-B368-0A5DADA8AA67}.Debug|Any CPU.ActiveCfg = Debug|Any CPU
		{61BE7DAD-7AC6-453F-B368-0A5DADA8AA67}.Debug|Any CPU.Build.0 = Debug|Any CPU
		{61BE7DAD-7AC6-453F-B368-0A5DADA8AA67}.Release|Any CPU.ActiveCfg = Release|Any CPU
		{61BE7DAD-7AC6-453F-B368-0A5DADA8AA67}.Release|Any CPU.Build.0 = Release|Any CPU
	EndGlobalSection
	GlobalSection(SolutionProperties) = preSolution
		HideSolutionNode = FALSE
	EndGlobalSection
	GlobalSection(ExtensibilityGlobals) = postSolution
		SolutionGuid = {052AAB27-1566-4FA9-BD74-67946FD49247}
	EndGlobalSection
EndGlobal
